Microsoft Visual Studio Solution File, Format Version 12.00
# Visual Studio Version 17
VisualStudioVersion = 17.0.31903.59
MinimumVisualStudioVersion = 10.0.40219.1
Project("{FAE04EC0-301F-11D3-BF4B-00C04F79EFBC}") = "AR.Iec61850.Cli", "apps\AR.Iec61850.Cli\AR.Iec61850.Cli.csproj", "{9B3BEF6F-2945-46EC-8B9F-4C118F27F86B}"
EndProject
Project("{FAE04EC0-301F-11D3-BF4B-00C04F79EFBC}") = "AR.Iec61850.SvPublisher", "apps\AR.Iec61850.SvPublisher\AR.Iec61850.SvPublisher.csproj", "{49560545-7AA9-44AC-8196-9D6D98241B04}"
EndProject
Project("{FAE04EC0-301F-11D3-BF4B-00C04F79EFBC}") = "AR.Iec61850.VirtualRelayLab", "apps\AR.Iec61850.VirtualRelayLab\AR.Iec61850.VirtualRelayLab.csproj", "{4F02C69F-8B2D-4F9E-9A2B-1F5E7A3C6D41}"
EndProject
Project("{FAE04EC0-301F-11D3-BF4B-00C04F79EFBC}") = "AR.Iec61850.IedDiscovery", "apps\AR.Iec61850.IedDiscovery\AR.Iec61850.IedDiscovery.csproj", "{A187DF4A-8A80-4DE0-B286-27A8E8BCAB9A}"
EndProject
Project("{FAE04EC0-301F-11D3-BF4B-00C04F79EFBC}") = "AR.Iec61850.IedSimulator", "apps\AR.Iec61850.IedSimulator\AR.Iec61850.IedSimulator.csproj", "{C3D12F10-2A81-43A6-9BBA-FB789E6641E2}"
EndProject
Project("{FAE04EC0-301F-11D3-BF4B-00C04F79EFBC}") = "AR.Iec61850.EngineeringWorkbench", "apps\AR.Iec61850.EngineeringWorkbench\AR.Iec61850.EngineeringWorkbench.csproj", "{7B46B7B7-DF3F-4F3A-9DC9-E49AF0D97B61}"
EndProject
Project("{FAE04EC0-301F-11D3-BF4B-00C04F79EFBC}") = "AR.Iec61850.Simulation", "src\AR.Iec61850.Simulation\AR.Iec61850.Simulation.csproj", "{D1D3776B-E6D0-4F46-832B-78D04C94E83C}"
EndProject
Project("{FAE04EC0-301F-11D3-BF4B-00C04F79EFBC}") = "AR.Iec61850", "src\AR.Iec61850\AR.Iec61850.csproj", "{05261652-315F-4B52-89D3-7F9E26DF018D}"
EndProject
Project("{FAE04EC0-301F-11D3-BF4B-00C04F79EFBC}") = "AR.Iec61850.Transports.Npcap", "src\AR.Iec61850.Transports.Npcap\AR.Iec61850.Transports.Npcap.csproj", "{2294F7F2-6229-4578-B300-0ECBD8EC11CE}"
EndProject
Project("{FAE04EC0-301F-11D3-BF4B-00C04F79EFBC}") = "AR.Iec61850.Tests", "tests\AR.Iec61850.Tests\AR.Iec61850.Tests.csproj", "{0D9D1E7D-FF86-49A3-A81D-38D3E0880BF8}"
EndProject
Global
	GlobalSection(SolutionConfigurationPlatforms) = preSolution
		Debug|Any CPU = Debug|Any CPU
		Release|Any CPU = Release|Any CPU
	EndGlobalSection
	GlobalSection(ProjectConfigurationPlatforms) = postSolution
		{9B3BEF6F-2945-46EC-8B9F-4C118F27F86B}.Debug|Any CPU.ActiveCfg = Debug|Any CPU
		{9B3BEF6F-2945-46EC-8B9F-4C118F27F86B}.Debug|Any CPU.Build.0 = Debug|Any CPU
		{9B3BEF6F-2945-46EC-8B9F-4C118F27F86B}.Release|Any CPU.ActiveCfg = Release|Any CPU
		{9B3BEF6F-2945-46EC-8B9F-4C118F27F86B}.Release|Any CPU.Build.0 = Release|Any CPU
		{49560545-7AA9-44AC-8196-9D6D98241B04}.Debug|Any CPU.ActiveCfg = Debug|Any CPU
		{49560545-7AA9-44AC-8196-9D6D98241B04}.Debug|Any CPU.Build.0 = Debug|Any CPU
		{49560545-7AA9-44AC-8196-9D6D98241B04}.Release|Any CPU.ActiveCfg = Release|Any CPU
		{49560545-7AA9-44AC-8196-9D6D98241B04}.Release|Any CPU.Build.0 = Release|Any CPU
		{4F02C69F-8B2D-4F9E-9A2B-1F5E7A3C6D41}.Debug|Any CPU.ActiveCfg = Debug|Any CPU
		{4F02C69F-8B2D-4F9E-9A2B-1F5E7A3C6D41}.Debug|Any CPU.Build.0 = Debug|Any CPU
		{4F02C69F-8B2D-4F9E-9A2B-1F5E7A3C6D41}.Release|Any CPU.ActiveCfg = Release|Any CPU
		{4F02C69F-8B2D-4F9E-9A2B-1F5E7A3C6D41}.Release|Any CPU.Build.0 = Release|Any CPU
		{A187DF4A-8A80-4DE0-B286-27A8E8BCAB9A}.Debug|Any CPU.ActiveCfg = Debug|Any CPU
		{A187DF4A-8A80-4DE0-B286-27A8E8BCAB9A}.Debug|Any CPU.Build.0 = Debug|Any CPU
		{A187DF4A-8A80-4DE0-B286-27A8E8BCAB9A}.Release|Any CPU.ActiveCfg = Release|Any CPU
		{A187DF4A-8A80-4DE0-B286-27A8E8BCAB9A}.Release|Any CPU.Build.0 = Release|Any CPU
		{C3D12F10-2A81-43A6-9BBA-FB789E6641E2}.Debug|Any CPU.ActiveCfg = Debug|Any CPU
		{C3D12F10-2A81-43A6-9BBA-FB789E6641E2}.Debug|Any CPU.Build.0 = Debug|Any CPU
		{C3D12F10-2A81-43A6-9BBA-FB789E6641E2}.Release|Any CPU.ActiveCfg = Release|Any CPU
		{C3D12F10-2A81-43A6-9BBA-FB789E6641E2}.Release|Any CPU.Build.0 = Release|Any CPU
		{D1D3776B-E6D0-4F46-832B-78D04C94E83C}.Debug|Any CPU.ActiveCfg = Debug|Any CPU
		{D1D3776B-E6D0-4F46-832B-78D04C94E83C}.Debug|Any CPU.Build.0 = Debug|Any CPU
		{D1D3776B-E6D0-4F46-832B-78D04C94E83C}.Release|Any CPU.ActiveCfg = Release|Any CPU
		{D1D3776B-E6D0-4F46-832B-78D04C94E83C}.Release|Any CPU.Build.0 = Release|Any CPU
		{05261652-315F-4B52-89D3-7F9E26DF018D}.Debug|Any CPU.ActiveCfg = Debug|Any CPU
		{05261652-315F-4B52-89D3-7F9E26DF018D}.Debug|Any CPU.Build.0 = Debug|Any CPU
		{05261652-315F-4B52-89D3-7F9E26DF018D}.Release|Any CPU.ActiveCfg = Release|Any CPU
		{05261652-315F-4B52-89D3-7F9E26DF018D}.Release|Any CPU.Build.0 = Release|Any CPU
		{2294F7F2-6229-4578-B300-0ECBD8EC11CE}.Debug|Any CPU.ActiveCfg = Debug|Any CPU
		{2294F7F2-6229-4578-B300-0ECBD8EC11CE}.Debug|Any CPU.Build.0 = Debug|Any CPU
		{2294F7F2-6229-4578-B300-0ECBD8EC11CE}.Release|Any CPU.ActiveCfg = Release|Any CPU
		{2294F7F2-6229-4578-B300-0ECBD8EC11CE}.Release|Any CPU.Build.0 = Release|Any CPU
		{0D9D1E7D-FF86-49A3-A81D-38D3E0880BF8}.Debug|Any CPU.ActiveCfg = Debug|Any CPU
		{0D9D1E7D-FF86-49A3-A81D-38D3E0880BF8}.Debug|Any CPU.Build.0 = Debug|Any CPU
		{0D9D1E7D-FF86-49A3-A81D-38D3E0880BF8}.Release|Any CPU.ActiveCfg = Release|Any CPU
		{0D9D1E7D-FF86-49A3-A81D-38D3E0880BF8}.Release|Any CPU.Build.0 = Release|Any CPU
		{7B46B7B7-DF3F-4F3A-9DC9-E49AF0D97B61}.Debug|Any CPU.ActiveCfg = Debug|Any CPU
		{7B46B7B7-DF3F-4F3A-9DC9-E49AF0D97B61}.Debug|Any CPU.Build.0 = Debug|Any CPU
		{7B46B7B7-DF3F-4F3A-9DC9-E49AF0D97B61}.Release|Any CPU.ActiveCfg = Release|Any CPU
		{7B46B7B7-DF3F-4F3A-9DC9-E49AF0D97B61}.Release|Any CPU.Build.0 = Release|Any CPU
	EndGlobalSection
	GlobalSection(SolutionProperties) = preSolution
		HideSolutionNode = FALSE
	EndGlobalSection
EndGlobal
